
Microsoft Visual Studio Solution File, Format Version 12.00
# Visual Studio Version 17
VisualStudioVersion = 17.8.34330.188
MinimumVisualStudioVersion = 10.0.40219.1
Project("{9A19103F-16F7-4668-BE54-9A1E7A4F7556}") = "Lab1_1", "Lab1\Lab1_1.csproj", "{71FC90C2-5DBC-412F-91D2-E6895E0040EC}"
EndProject
Project("{9A19103F-16F7-4668-BE54-9A1E7A4F7556}") = "Lab1_2", "Lab1_2\Lab1_2.csproj", "{B0DD6431-602E-4BA5-AAB8-3F06AF0CAFCE}"
EndProject
Project("{9A19103F-16F7-4668-BE54-9A1E7A4F7556}") = "Lab1_3", "Lab1_3\Lab1_3.csproj", "{0E9AB9D7-B022-4AAC-84D8-4C745B1E88D4}"
EndProject
Project("{9A19103F-16F7-4668-BE54-9A1E7A4F7556}") = "Lab1_4", "Lab1_4\Lab1_4.csproj", "{C8FBD4C3-C28F-4D9A-8DB4-2B5725E7CAA5}"
EndProject
Project("{9A19103F-16F7-4668-BE54-9A1E7A4F7556}") = "Lab1_5", "Lab1_5\Lab1_5.csproj", "{36C0F1F1-D64B-4EBD-B1C7-7D243D89A231}"
EndProject
Project("{9A19103F-16F7-4668-BE54-9A1E7A4F7556}") = "Lab1_6", "Lab1_6\Lab1_6.csproj", "{971903A1-1B30-422D-95EC-B45612DCDD85}"
EndProject
Project("{9A19103F-16F7-4668-BE54-9A1E7A4F7556}") = "Lab2_1", "Lab2_1\Lab2_1.csproj", "{A939A8AB-5720-41BB-BF23-AE7D9D72A0E8}"
EndProject
Project("{9A19103F-16F7-4668-BE54-9A1E7A4F7556}") = "Lab2_2", "Lab2_2\Lab2_2.csproj", "{F9C40B01-3FDF-4D7E-B794-5A0C047DE9BB}"
EndProject
Project("{FAE04EC0-301F-11D3-BF4B-00C04F79EFBC}") = "Lab3_1", "Lab3_1\Lab3_1.csproj", "{9D8DFBDE-2406-4B86-9295-573E8EEEB903}"
EndProject
Project("{FAE04EC0-301F-11D3-BF4B-00C04F79EFBC}") = "Lab3_2_Server", "Lab3_2_Server\Lab3_2_Server.csproj", "{BD091B86-4C25-4A79-A53F-4404EB10511D}"
EndProject
Project("{FAE04EC0-301F-11D3-BF4B-00C04F79EFBC}") = "Lab3_2_Client", "Lab3_2_Client\Lab3_2_Client.csproj", "{8BA9AE94-4860-40E5-BAA2-E8408C3CCB5B}"
EndProject
Global
	GlobalSection(SolutionConfigurationPlatforms) = preSolution
		Debug|Any CPU = Debug|Any CPU
		Release|Any CPU = Release|Any CPU
	EndGlobalSection
	GlobalSection(ProjectConfigurationPlatforms) = postSolution
		{71FC90C2-5DBC-412F-91D2-E6895E0040EC}.Debug|Any CPU.ActiveCfg = Debug|Any CPU
		{71FC90C2-5DBC-412F-91D2-E6895E0040EC}.Debug|Any CPU.Build.0 = Debug|Any CPU
		{71FC90C2-5DBC-412F-91D2-E6895E0040EC}.Release|Any CPU.ActiveCfg = Release|Any CPU
		{71FC90C2-5DBC-412F-91D2-E6895E0040EC}.Release|Any CPU.Build.0 = Release|Any CPU
		{B0DD6431-602E-4BA5-AAB8-3F06AF0CAFCE}.Debug|Any CPU.ActiveCfg = Debug|Any CPU
		{B0DD6431-602E-4BA5-AAB8-3F06AF0CAFCE}.Debug|Any CPU.Build.0 = Debug|Any CPU
		{B0DD6431-602E-4BA5-AAB8-3F06AF0CAFCE}.Release|Any CPU.ActiveCfg = Release|Any CPU
		{B0DD6431-602E-4BA5-AAB8-3F06AF0CAFCE}.Release|Any CPU.Build.0 = Release|Any CPU
		{0E9AB9D7-B022-4AAC-84D8-4C745B1E88D4}.Debug|Any CPU.ActiveCfg = Debug|Any CPU
		{0E9AB9D7-B022-4AAC-84D8-4C745B1E88D4}.Debug|Any CPU.Build.0 = Debug|Any CPU
		{0E9AB9D7-B022-4AAC-84D8-4C745B1E88D4}.Release|Any CPU.ActiveCfg = Release|Any CPU
		{0E9AB9D7-B022-4AAC-84D8-4C745B1E88D4}.Release|Any CPU.Build.0 = Release|Any CPU
		{C8FBD4C3-C28F-4D9A-8DB4-2B5725E7CAA5}.Debug|Any CPU.ActiveCfg = Debug|Any CPU
		{C8FBD4C3-C28F-4D9A-8DB4-2B5725E7CAA5}.Debug|Any CPU.Build.0 = Debug|Any CPU
		{C8FBD4C3-C28F-4D9A-8DB4-2B5725E7CAA5}.Release|Any CPU.ActiveCfg = Release|Any CPU
		{C8FBD4C3-C28F-4D9A-8DB4-2B5725E7CAA5}.Release|Any CPU.Build.0 = Release|Any CPU
		{36C0F1F1-D64B-4EBD-B1C7-7D243D89A231}.Debug|Any CPU.ActiveCfg = Debug|Any CPU
		{36C0F1F1-D64B-4EBD-B1C7-7D243D89A231}.Debug|Any CPU.Build.0 = Debug|Any CPU
		{36C0F1F1-D64B-4EBD-B1C7-7D243D89A231}.Release|Any CPU.ActiveCfg = Release|Any CPU
		{36C0F1F1-D64B-4EBD-B1C7-7D243D89A231}.Release|Any CPU.Build.0 = Release|Any CPU
		{971903A1-1B30-422D-95EC-B45612DCDD85}.Debug|Any CPU.ActiveCfg = Debug|Any CPU
		{971903A1-1B30-422D-95EC-B45612DCDD85}.Debug|Any CPU.Build.0 = Debug|Any CPU
		{971903A1-1B30-422D-95EC-B45612DCDD85}.Release|Any CPU.ActiveCfg = Release|Any CPU
		{971903A1-1B30-422D-95EC-B45612DCDD85}.Release|Any CPU.Build.0 = Release|Any CPU
		{A939A8AB-5720-41BB-BF23-AE7D9D72A0E8}.Debug|Any CPU.ActiveCfg = Debug|Any CPU
		{A939A8AB-5720-41BB-BF23-AE7D9D72A0E8}.Debug|Any CPU.Build.0 = Debug|Any CPU
		{A939A8AB-5720-41BB-BF23-AE7D9D72A0E8}.Release|Any CPU.ActiveCfg = Release|Any CPU
		{A939A8AB-5720-41BB-BF23-AE7D9D72A0E8}.Release|Any CPU.Build.0 = Release|Any CPU
		{F9C40B01-3FDF-4D7E-B794-5A0C047DE9BB}.Debug|Any CPU.ActiveCfg = Debug|Any CPU
		{F9C40B01-3FDF-4D7E-B794-5A0C047DE9BB}.Debug|Any CPU.Build.0 = Debug|Any CPU
		{F9C40B01-3FDF-4D7E-B794-5A0C047DE9BB}.Release|Any CPU.ActiveCfg = Release|Any CPU
		{F9C40B01-3FDF-4D7E-B794-5A0C047DE9BB}.Release|Any CPU.Build.0 = Release|Any CPU
		{9D8DFBDE-2406-4B86-9295-573E8EEEB903}.Debug|Any CPU.ActiveCfg = Debug|Any CPU
		{9D8DFBDE-2406-4B86-9295-573E8EEEB903}.Debug|Any CPU.Build.0 = Debug|Any CPU
		{9D8DFBDE-2406-4B86-9295-573E8EEEB903}.Release|Any CPU.ActiveCfg = Release|Any CPU
		{9D8DFBDE-2406-4B86-9295-573E8EEEB903}.Release|Any CPU.Build.0 = Release|Any CPU
		{BD091B86-4C25-4A79-A53F-4404EB10511D}.Debug|Any CPU.ActiveCfg = Debug|Any CPU
		{BD091B86-4C25-4A79-A53F-4404EB10511D}.Debug|Any CPU.Build.0 = Debug|Any CPU
		{BD091B86-4C25-4A79-A53F-4404EB10511D}.Release|Any CPU.ActiveCfg = Release|Any CPU
		{BD091B86-4C25-4A79-A53F-4404EB10511D}.Release|Any CPU.Build.0 = Release|Any CPU
		{8BA9AE94-4860-40E5-BAA2-E8408C3CCB5B}.Debug|Any CPU.ActiveCfg = Debug|Any CPU
		{8BA9AE94-4860-40E5-BAA2-E8408C3CCB5B}.Debug|Any CPU.Build.0 = Debug|Any CPU
		{8BA9AE94-4860-40E5-BAA2-E8408C3CCB5B}.Release|Any CPU.ActiveCfg = Release|Any CPU
		{8BA9AE94-4860-40E5-BAA2-E8408C3CCB5B}.Release|Any CPU.Build.0 = Release|Any CPU
	EndGlobalSection
	GlobalSection(SolutionProperties) = preSolution
		HideSolutionNode = FALSE
	EndGlobalSection
	GlobalSection(ExtensibilityGlobals) = postSolution
		SolutionGuid = {109A07FC-9536-4CF6-BE79-2CA50F0B29C5}
	EndGlobalSection
EndGlobal
